
Microsoft Visual Studio Solution File, Format Version 12.00
# Visual Studio Version 17
VisualStudioVersion = 17.7.34031.279
MinimumVisualStudioVersion = 10.0.40219.1
Project("{9A19103F-16F7-4668-BE54-9A1E7A4F7556}") = "SharpMcAe", "SharpMcAe.csproj", "{257AD72A-B048-49E9-92EF-698DEB80F266}"
EndProject
Global
	GlobalSection(SolutionConfigurationPlatforms) = preSolution
		Debug|Any CPU = Debug|Any CPU
		Release|Any CPU = Release|Any CPU
	EndGlobalSection
	GlobalSection(ProjectConfigurationPlatforms) = postSolution
		{257AD72A-B048-49E9-92EF-698DEB80F266}.Debug|Any CPU.ActiveCfg = Debug|Any CPU
		{257AD72A-B048-49E9-92EF-698DEB80F266}.Debug|Any CPU.Build.0 = Debug|Any CPU
		{257AD72A-B048-49E9-92EF-698DEB80F266}.Release|Any CPU.ActiveCfg = Release|Any CPU
		{257AD72A-B048-49E9-92EF-698DEB80F266}.Release|Any CPU.Build.0 = Release|Any CPU
	EndGlobalSection
	GlobalSection(SolutionProperties) = preSolution
		HideSolutionNode = FALSE
	EndGlobalSection
	GlobalSection(ExtensibilityGlobals) = postSolution
		SolutionGuid = {69D3BEF9-B2CB-42D4-BD8C-3F5FA47CBB4F}
	EndGlobalSection
EndGlobal
